
Microsoft Visual Studio Solution File, Format Version 12.00
# Visual Studio Version 16
VisualStudioVersion = 16.0.30804.86
MinimumVisualStudioVersion = 10.0.40219.1
Project("{FAE04EC0-301F-11D3-BF4B-00C04F79EFBC}") = "Algorithms", "Algorithms\Algorithms.csproj", "{CE06FA84-0EFA-46D9-8550-4B9A68D96667}"
EndProject
Project("{FAE04EC0-301F-11D3-BF4B-00C04F79EFBC}") = "Sandbox", "Sandbox\Sandbox.csproj", "{55A57130-6DBE-4D73-AFD5-62815D921BBD}"
EndProject
Global
	GlobalSection(SolutionConfigurationPlatforms) = preSolution
		Debug|Any CPU = Debug|Any CPU
		Release|Any CPU = Release|Any CPU
	EndGlobalSection
	GlobalSection(ProjectConfigurationPlatforms) = postSolution
		{CE06FA84-0EFA-46D9-8550-4B9A68D96667}.Debug|Any CPU.ActiveCfg = Debug|Any CPU
		{CE06FA84-0EFA-46D9-8550-4B9A68D96667}.Debug|Any CPU.Build.0 = Debug|Any CPU
		{CE06FA84-0EFA-46D9-8550-4B9A68D96667}.Release|Any CPU.ActiveCfg = Release|Any CPU
		{CE06FA84-0EFA-46D9-8550-4B9A68D96667}.Release|Any CPU.Build.0 = Release|Any CPU
		{55A57130-6DBE-4D73-AFD5-62815D921BBD}.Debug|Any CPU.ActiveCfg = Debug|Any CPU
		{55A57130-6DBE-4D73-AFD5-62815D921BBD}.Debug|Any CPU.Build.0 = Debug|Any CPU
		{55A57130-6DBE-4D73-AFD5-62815D921BBD}.Release|Any CPU.ActiveCfg = Release|Any CPU
		{55A57130-6DBE-4D73-AFD5-62815D921BBD}.Release|Any CPU.Build.0 = Release|Any CPU
	EndGlobalSection
	GlobalSection(SolutionProperties) = preSolution
		HideSolutionNode = FALSE
	EndGlobalSection
	GlobalSection(ExtensibilityGlobals) = postSolution
		SolutionGuid = {7AF0FDD6-D079-4B31-96D8-52B6F9073935}
	EndGlobalSection
EndGlobal
